// !$*UTF8*$!
{
	archiveVersion = 1;
	classes = {
	};
	objectVersion = 56;
	objects = {

/* Begin PBXBuildFile section */
		ADB8BFF52B7D133400B740C6 /* AppDelegate.swift in Sources */ = {isa = PBXBuildFile; fileRef = ADB8BFF42B7D133400B740C6 /* AppDelegate.swift */; };
		ADB8BFF72B7D133400B740C6 /* SceneDelegate.swift in Sources */ = {isa = PBXBuildFile; fileRef = ADB8BFF62B7D133400B740C6 /* SceneDelegate.swift */; };
		ADB8BFFE2B7D133600B740C6 /* Assets.xcassets in Resources */ = {isa = PBXBuildFile; fileRef = ADB8BFFD2B7D133600B740C6 /* Assets.xcassets */; };
		ADB8C0012B7D133600B740C6 /* LaunchScreen.storyboard in Resources */ = {isa = PBXBuildFile; fileRef = ADB8BFFF2B7D133600B740C6 /* LaunchScreen.storyboard */; };
		ADB8C00D2B7D13F600B740C6 /* ArtistViewController.swift in Sources */ = {isa = PBXBuildFile; fileRef = ADB8C00C2B7D13F600B740C6 /* ArtistViewController.swift */; };
		ADB8C00F2B7D253500B740C6 /* artists.json in Resources */ = {isa = PBXBuildFile; fileRef = ADB8C00E2B7D253500B740C6 /* artists.json */; };
		ADB8C0132B7D27E800B740C6 /* Bundle+extension.swift in Sources */ = {isa = PBXBuildFile; fileRef = ADB8C0122B7D27E800B740C6 /* Bundle+extension.swift */; };
		ADB8C0162B7D289A00B740C6 /* Artist.swift in Sources */ = {isa = PBXBuildFile; fileRef = ADB8C0152B7D289A00B740C6 /* Artist.swift */; };
		ADB8C0182B7D3E6400B740C6 /* ArtistTableViewCell.swift in Sources */ = {isa = PBXBuildFile; fileRef = ADB8C0172B7D3E6400B740C6 /* ArtistTableViewCell.swift */; };
/* End PBXBuildFile section */

/* Begin PBXFileReference section */
		ADB8BFF12B7D133400B740C6 /* CatalogOfPaintings.app */ = {isa = PBXFileReference; explicitFileType = wrapper.application; includeInIndex = 0; path = CatalogOfPaintings.app; sourceTree = BUILT_PRODUCTS_DIR; };
		ADB8BFF42B7D133400B740C6 /* AppDelegate.swift */ = {isa = PBXFileReference; lastKnownFileType = sourcecode.swift; path = AppDelegate.swift; sourceTree = "<group>"; };
		ADB8BFF62B7D133400B740C6 /* SceneDelegate.swift */ = {isa = PBXFileReference; lastKnownFileType = sourcecode.swift; path = SceneDelegate.swift; sourceTree = "<group>"; };
		ADB8BFFD2B7D133600B740C6 /* Assets.xcassets */ = {isa = PBXFileReference; lastKnownFileType = folder.assetcatalog; path = Assets.xcassets; sourceTree = "<group>"; };
		ADB8C0002B7D133600B740C6 /* Base */ = {isa = PBXFileReference; lastKnownFileType = file.storyboard; name = Base; path = Base.lproj/LaunchScreen.storyboard; sourceTree = "<group>"; };
		ADB8C0022B7D133600B740C6 /* Info.plist */ = {isa = PBXFileReference; lastKnownFileType = text.plist.xml; path = Info.plist; sourceTree = "<group>"; };
		ADB8C00C2B7D13F600B740C6 /* ArtistViewController.swift */ = {isa = PBXFileReference; lastKnownFileType = sourcecode.swift; path = ArtistViewController.swift; sourceTree = "<group>"; };
		ADB8C00E2B7D253500B740C6 /* artists.json */ = {isa = PBXFileReference; lastKnownFileType = text.json; path = artists.json; sourceTree = "<group>"; };
		ADB8C0122B7D27E800B740C6 /* Bundle+extension.swift */ = {isa = PBXFileReference; lastKnownFileType = sourcecode.swift; path = "Bundle+extension.swift"; sourceTree = "<group>"; };
		ADB8C0152B7D289A00B740C6 /* Artist.swift */ = {isa = PBXFileReference; lastKnownFileType = sourcecode.swift; path = Artist.swift; sourceTree = "<group>"; };
		ADB8C0172B7D3E6400B740C6 /* ArtistTableViewCell.swift */ = {isa = PBXFileReference; lastKnownFileType = sourcecode.swift; path = ArtistTableViewCell.swift; sourceTree = "<group>"; };
/* End PBXFileReference section */

/* Begin PBXFrameworksBuildPhase section */
		ADB8BFEE2B7D133400B740C6 /* Frameworks */ = {
			isa = PBXFrameworksBuildPhase;
			buildActionMask = 2147483647;
			files = (
			);
			runOnlyForDeploymentPostprocessing = 0;
		};
/* End PBXFrameworksBuildPhase section */

/* Begin PBXGroup section */
		ADB8BFE82B7D133400B740C6 = {
			isa = PBXGroup;
			children = (
				ADB8BFF32B7D133400B740C6 /* CatalogOfPaintings */,
				ADB8BFF22B7D133400B740C6 /* Products */,
			);
			sourceTree = "<group>";
		};
		ADB8BFF22B7D133400B740C6 /* Products */ = {
			isa = PBXGroup;
			children = (
				ADB8BFF12B7D133400B740C6 /* CatalogOfPaintings.app */,
			);
			name = Products;
			sourceTree = "<group>";
		};
		ADB8BFF32B7D133400B740C6 /* CatalogOfPaintings */ = {
			isa = PBXGroup;
			children = (
				ADB8C0082B7D135400B740C6 /* Application */,
				ADB8C0102B7D272000B740C6 /* Secrets */,
				ADB8C0112B7D27AB00B740C6 /* Extensions */,
				ADB8C0142B7D287400B740C6 /* Model */,
				ADB8C00B2B7D13B700B740C6 /* ViewControllers */,
				ADB8C00A2B7D137400B740C6 /* Resources */,
				ADB8C0092B7D136800B740C6 /* SupportingFiles */,
				ADB8C00E2B7D253500B740C6 /* artists.json */,
			);
			path = CatalogOfPaintings;
			sourceTree = "<group>";
		};
		ADB8C0082B7D135400B740C6 /* Application */ = {
			isa = PBXGroup;
			children = (
				ADB8BFF42B7D133400B740C6 /* AppDelegate.swift */,
				ADB8BFF62B7D133400B740C6 /* SceneDelegate.swift */,
			);
			path = Application;
			sourceTree = "<group>";
		};
		ADB8C0092B7D136800B740C6 /* SupportingFiles */ = {
			isa = PBXGroup;
			children = (
				ADB8BFFF2B7D133600B740C6 /* LaunchScreen.storyboard */,
				ADB8C0022B7D133600B740C6 /* Info.plist */,
			);
			path = SupportingFiles;
			sourceTree = "<group>";
		};
		ADB8C00A2B7D137400B740C6 /* Resources */ = {
			isa = PBXGroup;
			children = (
				ADB8BFFD2B7D133600B740C6 /* Assets.xcassets */,
			);
			path = Resources;
			sourceTree = "<group>";
		};
		ADB8C00B2B7D13B700B740C6 /* ViewControllers */ = {
			isa = PBXGroup;
			children = (
				ADB8C00C2B7D13F600B740C6 /* ArtistViewController.swift */,
				ADB8C0192B7D484D00B740C6 /* Cell */,
			);
			path = ViewControllers;
			sourceTree = "<group>";
		};
		ADB8C0102B7D272000B740C6 /* Secrets */ = {
			isa = PBXGroup;
			children = (
			);
			path = Secrets;
			sourceTree = "<group>";
		};
		ADB8C0112B7D27AB00B740C6 /* Extensions */ = {
			isa = PBXGroup;
			children = (
				ADB8C0122B7D27E800B740C6 /* Bundle+extension.swift */,
			);
			path = Extensions;
			sourceTree = "<group>";
		};
		ADB8C0142B7D287400B740C6 /* Model */ = {
			isa = PBXGroup;
			children = (
				ADB8C0152B7D289A00B740C6 /* Artist.swift */,
			);
			path = Model;
			sourceTree = "<group>";
		};
		ADB8C0192B7D484D00B740C6 /* Cell */ = {
			isa = PBXGroup;
			children = (
				ADB8C0172B7D3E6400B740C6 /* ArtistTableViewCell.swift */,
			);
			path = Cell;
			sourceTree = "<group>";
		};
/* End PBXGroup section */

/* Begin PBXNativeTarget section */
		ADB8BFF02B7D133400B740C6 /* CatalogOfPaintings */ = {
			isa = PBXNativeTarget;
			buildConfigurationList = ADB8C0052B7D133600B740C6 /* Build configuration list for PBXNativeTarget "CatalogOfPaintings" */;
			buildPhases = (
				ADB8BFED2B7D133400B740C6 /* Sources */,
				ADB8BFEE2B7D133400B740C6 /* Frameworks */,
				ADB8BFEF2B7D133400B740C6 /* Resources */,
			);
			buildRules = (
			);
			dependencies = (
			);
			name = CatalogOfPaintings;
			productName = CatalogOfPaintings;
			productReference = ADB8BFF12B7D133400B740C6 /* CatalogOfPaintings.app */;
			productType = "com.apple.product-type.application";
		};
/* End PBXNativeTarget section */

/* Begin PBXProject section */
		ADB8BFE92B7D133400B740C6 /* Project object */ = {
			isa = PBXProject;
			attributes = {
				BuildIndependentTargetsInParallel = 1;
				LastSwiftUpdateCheck = 1430;
				LastUpgradeCheck = 1430;
				TargetAttributes = {
					ADB8BFF02B7D133400B740C6 = {
						CreatedOnToolsVersion = 14.3.1;
					};
				};
			};
			buildConfigurationList = ADB8BFEC2B7D133400B740C6 /* Build configuration list for PBXProject "CatalogOfPaintings" */;
			compatibilityVersion = "Xcode 14.0";
			developmentRegion = en;
			hasScannedForEncodings = 0;
			knownRegions = (
				en,
				Base,
			);
			mainGroup = ADB8BFE82B7D133400B740C6;
			productRefGroup = ADB8BFF22B7D133400B740C6 /* Products */;
			projectDirPath = "";
			projectRoot = "";
			targets = (
				ADB8BFF02B7D133400B740C6 /* CatalogOfPaintings */,
			);
		};
/* End PBXProject section */

/* Begin PBXResourcesBuildPhase section */
		ADB8BFEF2B7D133400B740C6 /* Resources */ = {
			isa = PBXResourcesBuildPhase;
			buildActionMask = 2147483647;
			files = (
				ADB8C0012B7D133600B740C6 /* LaunchScreen.storyboard in Resources */,
				ADB8C00F2B7D253500B740C6 /* artists.json in Resources */,
				ADB8BFFE2B7D133600B740C6 /* Assets.xcassets in Resources */,
			);
			runOnlyForDeploymentPostprocessing = 0;
		};
/* End PBXResourcesBuildPhase section */

/* Begin PBXSourcesBuildPhase section */
		ADB8BFED2B7D133400B740C6 /* Sources */ = {
			isa = PBXSourcesBuildPhase;
			buildActionMask = 2147483647;
			files = (
				ADB8C00D2B7D13F600B740C6 /* ArtistViewController.swift in Sources */,
				ADB8BFF52B7D133400B740C6 /* AppDelegate.swift in Sources */,
				ADB8BFF72B7D133400B740C6 /* SceneDelegate.swift in Sources */,
				ADB8C0132B7D27E800B740C6 /* Bundle+extension.swift in Sources */,
				ADB8C0182B7D3E6400B740C6 /* ArtistTableViewCell.swift in Sources */,
				ADB8C0162B7D289A00B740C6 /* Artist.swift in Sources */,
			);
			runOnlyForDeploymentPostprocessing = 0;
		};
/* End PBXSourcesBuildPhase section */

/* Begin PBXVariantGroup section */
		ADB8BFFF2B7D133600B740C6 /* LaunchScreen.storyboard */ = {
			isa = PBXVariantGroup;
			children = (
				ADB8C0002B7D133600B740C6 /* Base */,
			);
			name = LaunchScreen.storyboard;
			sourceTree = "<group>";
		};
/* End PBXVariantGroup section */

/* Begin XCBuildConfiguration section */
		ADB8C0032B7D133600B740C6 /* Debug */ = {
			isa = XCBuildConfiguration;
			buildSettings = {
				ALWAYS_SEARCH_USER_PATHS = NO;
				CLANG_ANALYZER_NONNULL = YES;
				CLANG_ANALYZER_NUMBER_OBJECT_CONVERSION = YES_AGGRESSIVE;
				CLANG_CXX_LANGUAGE_STANDARD = "gnu++20";
				CLANG_ENABLE_MODULES = YES;
				CLANG_ENABLE_OBJC_ARC = YES;
				CLANG_ENABLE_OBJC_WEAK = YES;
				CLANG_WARN_BLOCK_CAPTURE_AUTORELEASING = YES;
				CLANG_WARN_BOOL_CONVERSION = YES;
				CLANG_WARN_COMMA = YES;
				CLANG_WARN_CONSTANT_CONVERSION = YES;
				CLANG_WARN_DEPRECATED_OBJC_IMPLEMENTATIONS = YES;
				CLANG_WARN_DIRECT_OBJC_ISA_USAGE = YES_ERROR;
				CLANG_WARN_DOCUMENTATION_COMMENTS = YES;
				CLANG_WARN_EMPTY_BODY = YES;
				CLANG_WARN_ENUM_CONVERSION = YES;
				CLANG_WARN_INFINITE_RECURSION = YES;
				CLANG_WARN_INT_CONVERSION = YES;
				CLANG_WARN_NON_LITERAL_NULL_CONVERSION = YES;
				CLANG_WARN_OBJC_IMPLICIT_RETAIN_SELF = YES;
				CLANG_WARN_OBJC_LITERAL_CONVERSION = YES;
				CLANG_WARN_OBJC_ROOT_CLASS = YES_ERROR;
				CLANG_WARN_QUOTED_INCLUDE_IN_FRAMEWORK_HEADER = YES;
				CLANG_WARN_RANGE_LOOP_ANALYSIS = YES;
				CLANG_WARN_STRICT_PROTOTYPES = YES;
				CLANG_WARN_SUSPICIOUS_MOVE = YES;
				CLANG_WARN_UNGUARDED_AVAILABILITY = YES_AGGRESSIVE;
				CLANG_WARN_UNREACHABLE_CODE = YES;
				CLANG_WARN__DUPLICATE_METHOD_MATCH = YES;
				COPY_PHASE_STRIP = NO;
				DEBUG_INFORMATION_FORMAT = dwarf;
				ENABLE_STRICT_OBJC_MSGSEND = YES;
				ENABLE_TESTABILITY = YES;
				GCC_C_LANGUAGE_STANDARD = gnu11;
				GCC_DYNAMIC_NO_PIC = NO;
				GCC_NO_COMMON_BLOCKS = YES;
				GCC_OPTIMIZATION_LEVEL = 0;
				GCC_PREPROCESSOR_DEFINITIONS = (
					"DEBUG=1",
					"$(inherited)",
				);
				GCC_WARN_64_TO_32_BIT_CONVERSION = YES;
				GCC_WARN_ABOUT_RETURN_TYPE = YES_ERROR;
				GCC_WARN_UNDECLARED_SELECTOR = YES;
				GCC_WARN_UNINITIALIZED_AUTOS = YES_AGGRESSIVE;
				GCC_WARN_UNUSED_FUNCTION = YES;
				GCC_WARN_UNUSED_VARIABLE = YES;
				IPHONEOS_DEPLOYMENT_TARGET = 16.4;
				MTL_ENABLE_DEBUG_INFO = INCLUDE_SOURCE;
				MTL_FAST_MATH = YES;
				ONLY_ACTIVE_ARCH = YES;
				SDKROOT = iphoneos;
				SWIFT_ACTIVE_COMPILATION_CONDITIONS = DEBUG;
				SWIFT_OPTIMIZATION_LEVEL = "-Onone";
			};
			name = Debug;
		};
		ADB8C0042B7D133600B740C6 /* Release */ = {
			isa = XCBuildConfiguration;
			buildSettings = {
				ALWAYS_SEARCH_USER_PATHS = NO;
				CLANG_ANALYZER_NONNULL = YES;
				CLANG_ANALYZER_NUMBER_OBJECT_CONVERSION = YES_AGGRESSIVE;
				CLANG_CXX_LANGUAGE_STANDARD = "gnu++20";
				CLANG_ENABLE_MODULES = YES;
				CLANG_ENABLE_OBJC_ARC = YES;
				CLANG_ENABLE_OBJC_WEAK = YES;
				CLANG_WARN_BLOCK_CAPTURE_AUTORELEASING = YES;
				CLANG_WARN_BOOL_CONVERSION = YES;
				CLANG_WARN_COMMA = YES;
				CLANG_WARN_CONSTANT_CONVERSION = YES;
				CLANG_WARN_DEPRECATED_OBJC_IMPLEMENTATIONS = YES;
				CLANG_WARN_DIRECT_OBJC_ISA_USAGE = YES_ERROR;
				CLANG_WARN_DOCUMENTATION_COMMENTS = YES;
				CLANG_WARN_EMPTY_BODY = YES;
				CLANG_WARN_ENUM_CONVERSION = YES;
				CLANG_WARN_INFINITE_RECURSION = YES;
				CLANG_WARN_INT_CONVERSION = YES;
				CLANG_WARN_NON_LITERAL_NULL_CONVERSION = YES;
				CLANG_WARN_OBJC_IMPLICIT_RETAIN_SELF = YES;
				CLANG_WARN_OBJC_LITERAL_CONVERSION = YES;
				CLANG_WARN_OBJC_ROOT_CLASS = YES_ERROR;
				CLANG_WARN_QUOTED_INCLUDE_IN_FRAMEWORK_HEADER = YES;
				CLANG_WARN_RANGE_LOOP_ANALYSIS = YES;
				CLANG_WARN_STRICT_PROTOTYPES = YES;
				CLANG_WARN_SUSPICIOUS_MOVE = YES;
				CLANG_WARN_UNGUARDED_AVAILABILITY = YES_AGGRESSIVE;
				CLANG_WARN_UNREACHABLE_CODE = YES;
				CLANG_WARN__DUPLICATE_METHOD_MATCH = YES;
				COPY_PHASE_STRIP = NO;
				DEBUG_INFORMATION_FORMAT = "dwarf-with-dsym";
				ENABLE_NS_ASSERTIONS = NO;
				ENABLE_STRICT_OBJC_MSGSEND = YES;
				GCC_C_LANGUAGE_STANDARD = gnu11;
				GCC_NO_COMMON_BLOCKS = YES;
				GCC_WARN_64_TO_32_BIT_CONVERSION = YES;
				GCC_WARN_ABOUT_RETURN_TYPE = YES_ERROR;
				GCC_WARN_UNDECLARED_SELECTOR = YES;
				GCC_WARN_UNINITIALIZED_AUTOS = YES_AGGRESSIVE;
				GCC_WARN_UNUSED_FUNCTION = YES;
				GCC_WARN_UNUSED_VARIABLE = YES;
				IPHONEOS_DEPLOYMENT_TARGET = 16.4;
				MTL_ENABLE_DEBUG_INFO = NO;
				MTL_FAST_MATH = YES;
				SDKROOT = iphoneos;
				SWIFT_COMPILATION_MODE = wholemodule;
				SWIFT_OPTIMIZATION_LEVEL = "-O";
				VALIDATE_PRODUCT = YES;
			};
			name = Release;
		};
		ADB8C0062B7D133600B740C6 /* Debug */ = {
			isa = XCBuildConfiguration;
			buildSettings = {
				ASSETCATALOG_COMPILER_APPICON_NAME = AppIcon;
				ASSETCATALOG_COMPILER_GLOBAL_ACCENT_COLOR_NAME = AccentColor;
				CODE_SIGN_STYLE = Automatic;
				CURRENT_PROJECT_VERSION = 1;
				DEVELOPMENT_TEAM = JPSP84G8W5;
				GENERATE_INFOPLIST_FILE = YES;
				INFOPLIST_FILE = CatalogOfPaintings/SupportingFiles/Info.plist;
				INFOPLIST_KEY_UIApplicationSupportsIndirectInputEvents = YES;
				INFOPLIST_KEY_UILaunchStoryboardName = LaunchScreen;
				INFOPLIST_KEY_UISupportedInterfaceOrientations_iPad = "UIInterfaceOrientationPortrait UIInterfaceOrientationPortraitUpsideDown UIInterfaceOrientationLandscapeLeft UIInterfaceOrientationLandscapeRight";
				INFOPLIST_KEY_UISupportedInterfaceOrientations_iPhone = "UIInterfaceOrientationPortrait UIInterfaceOrientationLandscapeLeft UIInterfaceOrientationLandscapeRight";
				LD_RUNPATH_SEARCH_PATHS = (
					"$(inherited)",
					"@executable_path/Frameworks",
				);
				MARKETING_VERSION = 1.0;
				PRODUCT_BUNDLE_IDENTIFIER = ru.maksimovnick.CatalogOfPaintings;
				PRODUCT_NAME = "$(TARGET_NAME)";
				SWIFT_EMIT_LOC_STRINGS = YES;
				SWIFT_VERSION = 5.0;
				TARGETED_DEVICE_FAMILY = "1,2";
			};
			name = Debug;
		};
		ADB8C0072B7D133600B740C6 /* Release */ = {
			isa = XCBuildConfiguration;
			buildSettings = {
				ASSETCATALOG_COMPILER_APPICON_NAME = AppIcon;
				ASSETCATALOG_COMPILER_GLOBAL_ACCENT_COLOR_NAME = AccentColor;
				CODE_SIGN_STYLE = Automatic;
				CURRENT_PROJECT_VERSION = 1;
				DEVELOPMENT_TEAM = JPSP84G8W5;
				GENERATE_INFOPLIST_FILE = YES;
				INFOPLIST_FILE = CatalogOfPaintings/SupportingFiles/Info.plist;
				INFOPLIST_KEY_UIApplicationSupportsIndirectInputEvents = YES;
				INFOPLIST_KEY_UILaunchStoryboardName = LaunchScreen;
				INFOPLIST_KEY_UISupportedInterfaceOrientations_iPad = "UIInterfaceOrientationPortrait UIInterfaceOrientationPortraitUpsideDown UIInterfaceOrientationLandscapeLeft UIInterfaceOrientationLandscapeRight";
				INFOPLIST_KEY_UISupportedInterfaceOrientations_iPhone = "UIInterfaceOrientationPortrait UIInterfaceOrientationLandscapeLeft UIInterfaceOrientationLandscapeRight";
				LD_RUNPATH_SEARCH_PATHS = (
					"$(inherited)",
					"@executable_path/Frameworks",
				);
				MARKETING_VERSION = 1.0;
				PRODUCT_BUNDLE_IDENTIFIER = ru.maksimovnick.CatalogOfPaintings;
				PRODUCT_NAME = "$(TARGET_NAME)";
				SWIFT_EMIT_LOC_STRINGS = YES;
				SWIFT_VERSION = 5.0;
				TARGETED_DEVICE_FAMILY = "1,2";
			};
			name = Release;
		};
/* End XCBuildConfiguration section */

/* Begin XCConfigurationList section */
		ADB8BFEC2B7D133400B740C6 /* Build configuration list for PBXProject "CatalogOfPaintings" */ = {
			isa = XCConfigurationList;
			buildConfigurations = (
				ADB8C0032B7D133600B740C6 /* Debug */,
				ADB8C0042B7D133600B740C6 /* Release */,
			);
			defaultConfigurationIsVisible = 0;
			defaultConfigurationName = Release;
		};
		ADB8C0052B7D133600B740C6 /* Build configuration list for PBXNativeTarget "CatalogOfPaintings" */ = {
			isa = XCConfigurationList;
			buildConfigurations = (
				ADB8C0062B7D133600B740C6 /* Debug */,
				ADB8C0072B7D133600B740C6 /* Release */,
			);
			defaultConfigurationIsVisible = 0;
			defaultConfigurationName = Release;
		};
/* End XCConfigurationList section */
	};
	rootObject = ADB8BFE92B7D133400B740C6 /* Project object */;
}
